
Microsoft Visual Studio Solution File, Format Version 11.00
# Visual Studio 2010
Project("{FAE04EC0-301F-11D3-BF4B-00C04F79EFBC}") = "Assembly-CSharp", "Assembly-CSharp.csproj", "{50c9e795-a588-847a-27cd-d70961ae056e}"
EndProject
Project("{FAE04EC0-301F-11D3-BF4B-00C04F79EFBC}") = "Assembly-CSharp-Editor", "Assembly-CSharp-Editor.csproj", "{1c8faf0f-bad1-a566-f283-e3c7892e405d}"
EndProject
Global
	GlobalSection(SolutionConfigurationPlatforms) = preSolution
		Debug|Any CPU = Debug|Any CPU
	EndGlobalSection
	GlobalSection(ProjectConfigurationPlatforms) = postSolution
		{50c9e795-a588-847a-27cd-d70961ae056e}.Debug|Any CPU.ActiveCfg = Debug|Any CPU
		{50c9e795-a588-847a-27cd-d70961ae056e}.Debug|Any CPU.Build.0 = Debug|Any CPU
		{1c8faf0f-bad1-a566-f283-e3c7892e405d}.Debug|Any CPU.ActiveCfg = Debug|Any CPU
		{1c8faf0f-bad1-a566-f283-e3c7892e405d}.Debug|Any CPU.Build.0 = Debug|Any CPU
	EndGlobalSection
	GlobalSection(SolutionProperties) = preSolution
		HideSolutionNode = FALSE
	EndGlobalSection
EndGlobal
