
Microsoft Visual Studio Solution File, Format Version 11.00
# Visual Studio 2010
Project("{FAE04EC0-301F-11D3-BF4B-00C04F79EFBC}") = "Assembly-CSharp", "Assembly-CSharp.csproj", "{61afcf5b-e491-3a18-d81d-fad8567847be}"
EndProject
Project("{FAE04EC0-301F-11D3-BF4B-00C04F79EFBC}") = "Assembly-CSharp-Editor", "Assembly-CSharp-Editor.csproj", "{95755754-f0a3-81b1-9058-a901e41acc63}"
EndProject
Global
	GlobalSection(SolutionConfigurationPlatforms) = preSolution
		Debug|Any CPU = Debug|Any CPU
	EndGlobalSection
	GlobalSection(ProjectConfigurationPlatforms) = postSolution
		{61afcf5b-e491-3a18-d81d-fad8567847be}.Debug|Any CPU.ActiveCfg = Debug|Any CPU
		{61afcf5b-e491-3a18-d81d-fad8567847be}.Debug|Any CPU.Build.0 = Debug|Any CPU
		{95755754-f0a3-81b1-9058-a901e41acc63}.Debug|Any CPU.ActiveCfg = Debug|Any CPU
		{95755754-f0a3-81b1-9058-a901e41acc63}.Debug|Any CPU.Build.0 = Debug|Any CPU
	EndGlobalSection
	GlobalSection(SolutionProperties) = preSolution
		HideSolutionNode = FALSE
	EndGlobalSection
EndGlobal
